# THIS IS AN AUTOGENERATED FILE. DO NOT EDIT THIS FILE DIRECTLY.
# yarn lockfile v1
polylabel:
  version "1.0.2"
  resolved "https://registry.yarnpkg.com/polylabel/-/polylabel-1.0.2.tgz#90c11602fb217a65b78ac2110ac5fcb00b652560"
  dependencies:
    tinyqueue "^1.1.0"

tinyqueue@^1.1.0:
  version "1.1.0"
  resolved "https://registry.yarnpkg.com/tinyqueue/-/tinyqueue-1.1.0.tgz#9c5f76f54a845f4914e754f5aa8d73ef6c011f7b"

